
Microsoft Visual Studio Solution File, Format Version 12.00
# Visual Studio Version 17
VisualStudioVersion = 17.14.36414.22
MinimumVisualStudioVersion = 10.0.40219.1
Project("{FAE04EC0-301F-11D3-BF4B-00C04F79EFBC}") = "SRP", "SolidPrinciples\SRP.csproj", "{3B5207D7-FD57-4D5D-8328-243A35E1DADA}"
EndProject
Project("{FAE04EC0-301F-11D3-BF4B-00C04F79EFBC}") = "OCP", "OCP\OCP.csproj", "{3BAD6E7A-7A96-454E-84BD-B5AED0D1E0BC}"
EndProject
Global
	GlobalSection(SolutionConfigurationPlatforms) = preSolution
		Debug|Any CPU = Debug|Any CPU
		Release|Any CPU = Release|Any CPU
	EndGlobalSection
	GlobalSection(ProjectConfigurationPlatforms) = postSolution
		{3B5207D7-FD57-4D5D-8328-243A35E1DADA}.Debug|Any CPU.ActiveCfg = Debug|Any CPU
		{3B5207D7-FD57-4D5D-8328-243A35E1DADA}.Debug|Any CPU.Build.0 = Debug|Any CPU
		{3B5207D7-FD57-4D5D-8328-243A35E1DADA}.Release|Any CPU.ActiveCfg = Release|Any CPU
		{3B5207D7-FD57-4D5D-8328-243A35E1DADA}.Release|Any CPU.Build.0 = Release|Any CPU
		{3BAD6E7A-7A96-454E-84BD-B5AED0D1E0BC}.Debug|Any CPU.ActiveCfg = Debug|Any CPU
		{3BAD6E7A-7A96-454E-84BD-B5AED0D1E0BC}.Debug|Any CPU.Build.0 = Debug|Any CPU
		{3BAD6E7A-7A96-454E-84BD-B5AED0D1E0BC}.Release|Any CPU.ActiveCfg = Release|Any CPU
		{3BAD6E7A-7A96-454E-84BD-B5AED0D1E0BC}.Release|Any CPU.Build.0 = Release|Any CPU
	EndGlobalSection
	GlobalSection(SolutionProperties) = preSolution
		HideSolutionNode = FALSE
	EndGlobalSection
	GlobalSection(ExtensibilityGlobals) = postSolution
		SolutionGuid = {4A5D451A-CF19-4AF2-B38B-55B13D5269DA}
	EndGlobalSection
EndGlobal
